{
    "_readme": [
        "This file locks the dependencies of your project to a known state",
        "Read more about it at http://getcomposer.org/doc/01-basic-usage.md#composer-lock-the-lock-file"
    ],
    "hash": "af821f83ce18eaf9911d47128c365dcb",
    "packages": [
        {
            "name": "minima-php/minima-php",
            "version": "1.0.1",
            "source": {
                "type": "git",
                "url": "https://github.com/minima-php/minima-php.git",
                "reference": "952bc204a674c7c8c74d3626568edf95794dbe11"
            },
            "dist": {
                "type": "zip",
                "url": "https://api.github.com/repos/minima-php/minima-php/zipball/952bc204a674c7c8c74d3626568edf95794dbe11",
                "reference": "952bc204a674c7c8c74d3626568edf95794dbe11",
                "shasum": ""
            },
            "require": {
                "minima-php/potter-orm": "1.0.0"
            },
            "type": "library",
            "autoload": {
                "psr-0": {
                    "": "lib"
                },
                "files": [
                    "lib/Minima/Helper/base.php",
                    "lib/Minima/Helper/input.php"
                ]
            },
            "notification-url": "https://packagist.org/downloads/",
            "authors": [
                {
                    "name": "Vendethiel",
                    "email": "vendethiel@hotmail.fr"
                }
            ],
            "description": "Minimal, experimental PHP framework",
            "time": "2014-04-23 08:39:25"
        },
        {
            "name": "minima-php/potter-orm",
            "version": "1.0.0",
            "source": {
                "type": "git",
                "url": "https://github.com/minima-php/potter-orm.git",
                "reference": "1d09e00528123f55c9647a4590278d24be1a0f12"
            },
            "dist": {
                "type": "zip",
                "url": "https://api.github.com/repos/minima-php/potter-orm/zipball/1d09e00528123f55c9647a4590278d24be1a0f12",
                "reference": "1d09e00528123f55c9647a4590278d24be1a0f12",
                "shasum": ""
            },
            "type": "library",
            "autoload": {
                "psr-0": {
                    "": "lib"
                }
            },
            "notification-url": "https://packagist.org/downloads/",
            "authors": [
                {
                    "name": "Vendethiel",
                    "email": "vendethiel@hotmail.fr"
                }
            ],
            "description": "Magical (and bad) ORM",
            "time": "2014-04-23 07:41:39"
        }
    ],
    "packages-dev": [

    ],
    "aliases": [

    ],
    "minimum-stability": "stable",
    "stability-flags": [

    ],
    "platform": [

    ],
    "platform-dev": [

    ]
}
